
Microsoft Visual Studio Solution File, Format Version 12.00
# Visual Studio 15
VisualStudioVersion = 15.0.28307.852
MinimumVisualStudioVersion = 10.0.40219.1
Project("{FAE04EC0-301F-11D3-BF4B-00C04F79EFBC}") = "Tree_5", "Tree_5\Tree_5.csproj", "{0B465F38-F0EE-40AA-A588-0396DCD5F982}"
EndProject
Global
	GlobalSection(SolutionConfigurationPlatforms) = preSolution
		Debug|Any CPU = Debug|Any CPU
		Release|Any CPU = Release|Any CPU
	EndGlobalSection
	GlobalSection(ProjectConfigurationPlatforms) = postSolution
		{0B465F38-F0EE-40AA-A588-0396DCD5F982}.Debug|Any CPU.ActiveCfg = Debug|Any CPU
		{0B465F38-F0EE-40AA-A588-0396DCD5F982}.Debug|Any CPU.Build.0 = Debug|Any CPU
		{0B465F38-F0EE-40AA-A588-0396DCD5F982}.Release|Any CPU.ActiveCfg = Release|Any CPU
		{0B465F38-F0EE-40AA-A588-0396DCD5F982}.Release|Any CPU.Build.0 = Release|Any CPU
	EndGlobalSection
	GlobalSection(SolutionProperties) = preSolution
		HideSolutionNode = FALSE
	EndGlobalSection
	GlobalSection(ExtensibilityGlobals) = postSolution
		SolutionGuid = {315954D7-30D9-4FFC-BEF0-8FD44EDC4C69}
	EndGlobalSection
EndGlobal
