
Microsoft Visual Studio Solution File, Format Version 12.00
# Visual Studio 15
VisualStudioVersion = 15.0.28307.852
MinimumVisualStudioVersion = 10.0.40219.1
Project("{FAE04EC0-301F-11D3-BF4B-00C04F79EFBC}") = "Tree_2", "Tree_2\Tree_2.csproj", "{F92BC277-5C76-4A3E-A307-557E5E8CF2FC}"
EndProject
Global
	GlobalSection(SolutionConfigurationPlatforms) = preSolution
		Debug|Any CPU = Debug|Any CPU
		Release|Any CPU = Release|Any CPU
	EndGlobalSection
	GlobalSection(ProjectConfigurationPlatforms) = postSolution
		{F92BC277-5C76-4A3E-A307-557E5E8CF2FC}.Debug|Any CPU.ActiveCfg = Debug|Any CPU
		{F92BC277-5C76-4A3E-A307-557E5E8CF2FC}.Debug|Any CPU.Build.0 = Debug|Any CPU
		{F92BC277-5C76-4A3E-A307-557E5E8CF2FC}.Release|Any CPU.ActiveCfg = Release|Any CPU
		{F92BC277-5C76-4A3E-A307-557E5E8CF2FC}.Release|Any CPU.Build.0 = Release|Any CPU
	EndGlobalSection
	GlobalSection(SolutionProperties) = preSolution
		HideSolutionNode = FALSE
	EndGlobalSection
	GlobalSection(ExtensibilityGlobals) = postSolution
		SolutionGuid = {A6C6B0F4-2B87-4383-B9FE-E98AAB340F15}
	EndGlobalSection
EndGlobal
